version = 1
revision = 3
requires-python = ">=3.14"

[[package]]
name = "asgiref"
version = "3.12.1"
source = { registry = "https://pypi.org/simple" }
sdist = { url = "https://files.pythonhosted.org/packages/e6/26/3b59f2bdae5f640389becb1f673cded775287f5fc4f816309d9ca9a3f93d/asgiref-3.12.1.tar.gz", hash = "sha256:59dcb51c272ad209d59bed5708a64a333083e86017d7fcdd67498eeab7784340", size = 42378, upload-time = "2026-07-14T09:56:18.087Z" }
wheels = [
    { url = "https://files.pythonhosted.org/packages/c0/1b/54f4ad77cd8a584fa70746c47df988e002cf1ee1eba43364d46f87803647/asgiref-3.12.1-py3-none-any.whl", hash = "sha256:fe386d1c2bff7259ea95929266d12a8cf9a8b5a1c2598402967d8792e7a7c094", size = 25478, upload-time = "2026-07-14T09:56:16.926Z" },
]

[[package]]
name = "click"
version = "8.4.2"
source = { registry = "https://pypi.org/simple" }
dependencies = [
    { name = "colorama", marker = "sys_platform == 'win32'" },
]
sdist = { url = "https://files.pythonhosted.org/packages/76/d4/81420972a676e8ffea40450d8c8c92943e7218a78fe9b64359836cc9876b/click-8.4.2.tar.gz", hash = "sha256:9a6cea6e60b17ebe0a44c5cc636d94f09bd66142c1cd7d8b4cd731c4917a15f6", size = 338000, upload-time = "2026-06-24T17:45:15.148Z" }
wheels = [
    { url = "https://files.pythonhosted.org/packages/fb/e2/79c688af8b210d232694e31e59da9f6ec747bae31c3f5946e4e9b98860d5/click-8.4.2-py3-none-any.whl", hash = "sha256:e6f9f66136c816745b9d65817da91d61d957fb16e02e4dcd0552553c5a197b76", size = 119243, upload-time = "2026-06-24T17:45:13.73Z" },
]

[[package]]
name = "colorama"
version = "0.4.6"
source = { registry = "https://pypi.org/simple" }
sdist = { url = "https://files.pythonhosted.org/packages/d8/53/6f443c9a4a8358a93a6792e2acffb9d9d5cb0a5cfd8802644b7b1c9a02e4/colorama-0.4.6.tar.gz", hash = "sha256:08695f5cb7ed6e0531a20572697297273c47b8cae5a63ffc6d6ed5c201be6e44", size = 27697, upload-time = "2022-10-25T02:36:22.414Z" }
wheels = [
    { url = "https://files.pythonhosted.org/packages/d1/d6/3965ed04c63042e047cb6a3e6ed1a63a35087b6a609aa3a15ed8ac56c221/colorama-0.4.6-py2.py3-none-any.whl", hash = "sha256:4f1d9991f5acc0ca119f9d443620b77f9d6b33703e51011c16baf57afb285fc6", size = 25335, upload-time = "2022-10-25T02:36:20.889Z" },
]

[[package]]
name = "django"
version = "3.2.25"
source = { registry = "https://pypi.org/simple" }
dependencies = [
    { name = "asgiref" },
    { name = "pytz" },
    { name = "sqlparse" },
]
sdist = { url = "https://files.pythonhosted.org/packages/ec/68/0e744f07b57bfdf99abbb6b3eb14fcba188867021c05f4a104e04f6d56b8/Django-3.2.25.tar.gz", hash = "sha256:7ca38a78654aee72378594d63e51636c04b8e28574f5505dff630895b5472777", size = 9836336, upload-time = "2024-03-04T08:57:02.257Z" }
wheels = [
    { url = "https://files.pythonhosted.org/packages/30/8e/cc23c762c5dcd1d367d73cf006a326e0df2bd0e785cba18b658b39904c1e/Django-3.2.25-py3-none-any.whl", hash = "sha256:a52ea7fcf280b16f7b739cec38fa6d3f8953a5456986944c3ca97e79882b4e38", size = 7890550, upload-time = "2024-03-04T08:56:47.529Z" },
]

[[package]]
name = "djangorestframework"
version = "3.12.4"
source = { registry = "https://pypi.org/simple" }
dependencies = [
    { name = "django" },
]
sdist = { url = "https://files.pythonhosted.org/packages/cb/2e/86d38af19dcacccb53feda081cb5f4d6954480bfca961bc4dee31501bc99/djangorestframework-3.12.4.tar.gz", hash = "sha256:f747949a8ddac876e879190df194b925c177cdeb725a099db1460872f7c0a7f2", size = 825004, upload-time = "2021-03-26T09:27:14.689Z" }
wheels = [
    { url = "https://files.pythonhosted.org/packages/d7/fe/18d96db43d440654e01a5831accd02948d373c160082bef186d6dc926255/djangorestframework-3.12.4-py3-none-any.whl", hash = "sha256:6d1d59f623a5ad0509fe0d6bfe93cbdfe17b8116ebc8eda86d45f6e16e819aaf", size = 957734, upload-time = "2021-03-26T09:27:11.328Z" },
]

[[package]]
name = "flake8"
version = "3.9.2"
source = { registry = "https://pypi.org/simple" }
dependencies = [
    { name = "mccabe" },
    { name = "pycodestyle" },
    { name = "pyflakes" },
]
sdist = { url = "https://files.pythonhosted.org/packages/9e/47/15b267dfe7e03dca4c4c06e7eadbd55ef4dfd368b13a0bab36d708b14366/flake8-3.9.2.tar.gz", hash = "sha256:07528381786f2a6237b061f6e96610a4167b226cb926e2aa2b6b1d78057c576b", size = 164777, upload-time = "2021-05-08T19:52:34.369Z" }
wheels = [
    { url = "https://files.pythonhosted.org/packages/fc/80/35a0716e5d5101e643404dabd20f07f5528a21f3ef4032d31a49c913237b/flake8-3.9.2-py2.py3-none-any.whl", hash = "sha256:bf8fd333346d844f616e8d47905ef3a3384edae6b4e9beb0c5101e25e3110907", size = 73147, upload-time = "2021-05-08T19:52:32.476Z" },
]

[[package]]
name = "h11"
version = "0.16.0"
source = { registry = "https://pypi.org/simple" }
sdist = { url = "https://files.pythonhosted.org/packages/01/ee/02a2c011bdab74c6fb3c75474d40b3052059d95df7e73351460c8588d963/h11-0.16.0.tar.gz", hash = "sha256:4e35b956cf45792e4caa5885e69fba00bdbc6ffafbfa020300e549b208ee5ff1", size = 101250, upload-time = "2025-04-24T03:35:25.427Z" }
wheels = [
    { url = "https://files.pythonhosted.org/packages/04/4b/29cac41a4d98d144bf5f6d33995617b185d14b22401f75ca86f384e87ff1/h11-0.16.0-py3-none-any.whl", hash = "sha256:63cf8bbe7522de3bf65932fda1d9c2772064ffb3dae62d55932da54b31cb6c86", size = 37515, upload-time = "2025-04-24T03:35:24.344Z" },
]

[[package]]
name = "mccabe"
version = "0.6.1"
source = { registry = "https://pypi.org/simple" }
sdist = { url = "https://files.pythonhosted.org/packages/06/18/fa675aa501e11d6d6ca0ae73a101b2f3571a565e0f7d38e062eec18a91ee/mccabe-0.6.1.tar.gz", hash = "sha256:dd8d182285a0fe56bace7f45b5e7d1a6ebcbf524e8f3bd87eb0f125271b8831f", size = 8612, upload-time = "2017-01-26T22:13:15.699Z" }
wheels = [
    { url = "https://files.pythonhosted.org/packages/87/89/479dc97e18549e21354893e4ee4ef36db1d237534982482c3681ee6e7b57/mccabe-0.6.1-py2.py3-none-any.whl", hash = "sha256:ab8a6258860da4b6677da4bd2fe5dc2c659cff31b3ee4f7f5d64e79735b80d42", size = 8556, upload-time = "2017-01-26T22:13:14.36Z" },
]

[[package]]
name = "pycodestyle"
version = "2.7.0"
source = { registry = "https://pypi.org/simple" }
sdist = { url = "https://files.pythonhosted.org/packages/02/b3/c832123f2699892c715fcdfebb1a8fdeffa11bb7b2350e46ecdd76b45a20/pycodestyle-2.7.0.tar.gz", hash = "sha256:c389c1d06bf7904078ca03399a4816f974a1d590090fecea0c63ec26ebaf1cef", size = 103640, upload-time = "2021-03-14T18:44:04.177Z" }
wheels = [
    { url = "https://files.pythonhosted.org/packages/de/cc/227251b1471f129bc35e966bb0fceb005969023926d744139642d847b7ae/pycodestyle-2.7.0-py2.py3-none-any.whl", hash = "sha256:514f76d918fcc0b55c6680472f0a37970994e07bbb80725808c17089be302068", size = 41725, upload-time = "2021-03-14T18:44:02.097Z" },
]

[[package]]
name = "pyflakes"
version = "2.3.1"
source = { registry = "https://pypi.org/simple" }
sdist = { url = "https://files.pythonhosted.org/packages/a8/0f/0dc480da9162749bf629dca76570972dd9cce5bedc60196a3c912875c87d/pyflakes-2.3.1.tar.gz", hash = "sha256:f5bc8ecabc05bb9d291eb5203d6810b49040f6ff446a756326104746cc00c1db", size = 68567, upload-time = "2021-03-24T16:32:56.157Z" }
wheels = [
    { url = "https://files.pythonhosted.org/packages/6c/11/2a745612f1d3cbbd9c69ba14b1b43a35a2f5c3c81cd0124508c52c64307f/pyflakes-2.3.1-py2.py3-none-any.whl", hash = "sha256:7893783d01b8a89811dd72d7dfd4d84ff098e5eed95cfa8905b22bbffe52efc3", size = 68805, upload-time = "2021-03-24T16:32:54.562Z" },
]

[[package]]
name = "python-recipe-app-api"
version = "0.1.0"
source = { virtual = "." }
dependencies = [
    { name = "django" },
    { name = "djangorestframework" },
    { name = "uvicorn" },
]

[package.dev-dependencies]
dev = [
    { name = "flake8" },
]

[package.metadata]
requires-dist = [
    { name = "django", specifier = ">=3.2.4,<3.3" },
    { name = "djangorestframework", specifier = ">=3.12.4,<3.13" },
    { name = "uvicorn", specifier = ">=0.22.0,<1.0" },
]

[package.metadata.requires-dev]
dev = [{ name = "flake8", specifier = ">=3.9.2,<3.10" }]

[[package]]
name = "pytz"
version = "2026.3.post1"
source = { registry = "https://pypi.org/simple" }
sdist = { url = "https://files.pythonhosted.org/packages/fb/48/fb042503b6ca6cd271261dc559fd6432f7d8c713153e9ec5c591af4dfc1c/pytz-2026.3.post1.tar.gz", hash = "sha256:2211d3fcf9a797d3405cac96ac7f61d80e6a644f72a3309607282fe8a2010c5d", size = 319745, upload-time = "2026-07-25T15:12:07.385Z" }
wheels = [
    { url = "https://files.pythonhosted.org/packages/0f/7b/39c34ca613b0b198cb866466651b26b045e2009864c5183c979a3b83f383/pytz-2026.3.post1-py2.py3-none-any.whl", hash = "sha256:dd95840dd199baea12d9cc096a1d452caa6596a1c1e4b5f3dbd1541855d5e815", size = 508283, upload-time = "2026-07-25T15:12:05.782Z" },
]

[[package]]
name = "sqlparse"
version = "0.5.5"
source = { registry = "https://pypi.org/simple" }
sdist = { url = "https://files.pythonhosted.org/packages/90/76/437d71068094df0726366574cf3432a4ed754217b436eb7429415cf2d480/sqlparse-0.5.5.tar.gz", hash = "sha256:e20d4a9b0b8585fdf63b10d30066c7c94c5d7a7ec47c889a2d83a3caa93ff28e", size = 120815, upload-time = "2025-12-19T07:17:45.073Z" }
wheels = [
    { url = "https://files.pythonhosted.org/packages/49/4b/359f28a903c13438ef59ebeee215fb25da53066db67b305c125f1c6d2a25/sqlparse-0.5.5-py3-none-any.whl", hash = "sha256:12a08b3bf3eec877c519589833aed092e2444e68240a3577e8e26148acc7b1ba", size = 46138, upload-time = "2025-12-19T07:17:46.573Z" },
]

[[package]]
name = "uvicorn"
version = "0.52.1"
source = { registry = "https://pypi.org/simple" }
dependencies = [
    { name = "click" },
    { name = "h11" },
]
sdist = { url = "https://files.pythonhosted.org/packages/03/18/ccce41535dee1be77735592bd19965f3972c82e07ee703d324709496b716/uvicorn-0.52.1.tar.gz", hash = "sha256:112ec661814189acbccd3f7b86460147cc065fc92c0821afa78918780e4354dd", size = 100571, upload-time = "2026-08-01T18:19:30.732Z" }
wheels = [
    { url = "https://files.pythonhosted.org/packages/c7/d5/68e6e9bca63c0badf67002890a46d3784c958de45b65e1275ec583ca1f06/uvicorn-0.52.1-py3-none-any.whl", hash = "sha256:e4403f9d93188cf9d1088e9f40e3acd12630e2df8675316704379a7fc20fff6a", size = 79859, upload-time = "2026-08-01T18:19:29.294Z" },
]
